// !$*UTF8*$!
{
	archiveVersion = 1;
	classes = {
	};
	objectVersion = 46;
	objects = {

/* Begin PBXBuildFile section */
		A29A8274192A36B1008B42B2 /* main.c in Sources */ = {isa = PBXBuildFile; fileRef = A29A8273192A36B1008B42B2 /* main.c */; };
		A29A8276192A36B1008B42B2 /* Counting_Elements.1 in CopyFiles */ = {isa = PBXBuildFile; fileRef = A29A8275192A36B1008B42B2 /* Counting_Elements.1 */; };
/* End PBXBuildFile section */

/* Begin PBXCopyFilesBuildPhase section */
		A29A826E192A36B1008B42B2 /* CopyFiles */ = {
			isa = PBXCopyFilesBuildPhase;
			buildActionMask = 2147483647;
			dstPath = /usr/share/man/man1/;
			dstSubfolderSpec = 0;
			files = (
				A29A8276192A36B1008B42B2 /* Counting_Elements.1 in CopyFiles */,
			);
			runOnlyForDeploymentPostprocessing = 1;
		};
/* End PBXCopyFilesBuildPhase section */

/* Begin PBXFileReference section */
		A29A8270192A36B1008B42B2 /* Counting Elements */ = {isa = PBXFileReference; explicitFileType = "compiled.mach-o.executable"; includeInIndex = 0; path = "Counting Elements"; sourceTree = BUILT_PRODUCTS_DIR; };
		A29A8273192A36B1008B42B2 /* main.c */ = {isa = PBXFileReference; lastKnownFileType = sourcecode.c.c; path = main.c; sourceTree = "<group>"; };
		A29A8275192A36B1008B42B2 /* Counting_Elements.1 */ = {isa = PBXFileReference; lastKnownFileType = text.man; path = Counting_Elements.1; sourceTree = "<group>"; };
/* End PBXFileReference section */

/* Begin PBXFrameworksBuildPhase section */
		A29A826D192A36B1008B42B2 /* Frameworks */ = {
			isa = PBXFrameworksBuildPhase;
			buildActionMask = 2147483647;
			files = (
			);
			runOnlyForDeploymentPostprocessing = 0;
		};
/* End PBXFrameworksBuildPhase section */

/* Begin PBXGroup section */
		A29A8267192A36B1008B42B2 = {
			isa = PBXGroup;
			children = (
				A29A8272192A36B1008B42B2 /* Counting Elements */,
				A29A8271192A36B1008B42B2 /* Products */,
			);
			sourceTree = "<group>";
		};
		A29A8271192A36B1008B42B2 /* Products */ = {
			isa = PBXGroup;
			children = (
				A29A8270192A36B1008B42B2 /* Counting Elements */,
			);
			name = Products;
			sourceTree = "<group>";
		};
		A29A8272192A36B1008B42B2 /* Counting Elements */ = {
			isa = PBXGroup;
			children = (
				A29A8273192A36B1008B42B2 /* main.c */,
				A29A8275192A36B1008B42B2 /* Counting_Elements.1 */,
			);
			path = "Counting Elements";
			sourceTree = "<group>";
		};
/* End PBXGroup section */

/* Begin PBXNativeTarget section */
		A29A826F192A36B1008B42B2 /* Counting Elements */ = {
			isa = PBXNativeTarget;
			buildConfigurationList = A29A8279192A36B1008B42B2 /* Build configuration list for PBXNativeTarget "Counting Elements" */;
			buildPhases = (
				A29A826C192A36B1008B42B2 /* Sources */,
				A29A826D192A36B1008B42B2 /* Frameworks */,
				A29A826E192A36B1008B42B2 /* CopyFiles */,
			);
			buildRules = (
			);
			dependencies = (
			);
			name = "Counting Elements";
			productName = "Counting Elements";
			productReference = A29A8270192A36B1008B42B2 /* Counting Elements */;
			productType = "com.apple.product-type.tool";
		};
/* End PBXNativeTarget section */

/* Begin PBXProject section */
		A29A8268192A36B1008B42B2 /* Project object */ = {
			isa = PBXProject;
			attributes = {
				LastUpgradeCheck = 0510;
				ORGANIZATIONNAME = "Denys Khlivnyy";
			};
			buildConfigurationList = A29A826B192A36B1008B42B2 /* Build configuration list for PBXProject "Counting Elements" */;
			compatibilityVersion = "Xcode 3.2";
			developmentRegion = English;
			hasScannedForEncodings = 0;
			knownRegions = (
				en,
			);
			mainGroup = A29A8267192A36B1008B42B2;
			productRefGroup = A29A8271192A36B1008B42B2 /* Products */;
			projectDirPath = "";
			projectRoot = "";
			targets = (
				A29A826F192A36B1008B42B2 /* Counting Elements */,
			);
		};
/* End PBXProject section */

/* Begin PBXSourcesBuildPhase section */
		A29A826C192A36B1008B42B2 /* Sources */ = {
			isa = PBXSourcesBuildPhase;
			buildActionMask = 2147483647;
			files = (
				A29A8274192A36B1008B42B2 /* main.c in Sources */,
			);
			runOnlyForDeploymentPostprocessing = 0;
		};
/* End PBXSourcesBuildPhase section */

/* Begin XCBuildConfiguration section */
		A29A8277192A36B1008B42B2 /* Debug */ = {
			isa = XCBuildConfiguration;
			buildSettings = {
				ALWAYS_SEARCH_USER_PATHS = NO;
				CLANG_CXX_LANGUAGE_STANDARD = "gnu++0x";
				CLANG_CXX_LIBRARY = "libc++";
				CLANG_ENABLE_MODULES = YES;
				CLANG_ENABLE_OBJC_ARC = YES;
				CLANG_WARN_BOOL_CONVERSION = YES;
				CLANG_WARN_CONSTANT_CONVERSION = YES;
				CLANG_WARN_DIRECT_OBJC_ISA_USAGE = YES_ERROR;
				CLANG_WARN_EMPTY_BODY = YES;
				CLANG_WARN_ENUM_CONVERSION = YES;
				CLANG_WARN_INT_CONVERSION = YES;
				CLANG_WARN_OBJC_ROOT_CLASS = YES_ERROR;
				CLANG_WARN__DUPLICATE_METHOD_MATCH = YES;
				COPY_PHASE_STRIP = NO;
				GCC_C_LANGUAGE_STANDARD = gnu99;
				GCC_DYNAMIC_NO_PIC = NO;
				GCC_ENABLE_OBJC_EXCEPTIONS = YES;
				GCC_OPTIMIZATION_LEVEL = 0;
				GCC_PREPROCESSOR_DEFINITIONS = (
					"DEBUG=1",
					"$(inherited)",
				);
				GCC_SYMBOLS_PRIVATE_EXTERN = NO;
				GCC_WARN_64_TO_32_BIT_CONVERSION = YES;
				GCC_WARN_ABOUT_RETURN_TYPE = YES_ERROR;
				GCC_WARN_UNDECLARED_SELECTOR = YES;
				GCC_WARN_UNINITIALIZED_AUTOS = YES_AGGRESSIVE;
				GCC_WARN_UNUSED_FUNCTION = YES;
				GCC_WARN_UNUSED_VARIABLE = YES;
				MACOSX_DEPLOYMENT_TARGET = 10.9;
				ONLY_ACTIVE_ARCH = YES;
				SDKROOT = macosx;
			};
			name = Debug;
		};
		A29A8278192A36B1008B42B2 /* Release */ = {
			isa = XCBuildConfiguration;
			buildSettings = {
				ALWAYS_SEARCH_USER_PATHS = NO;
				CLANG_CXX_LANGUAGE_STANDARD = "gnu++0x";
				CLANG_CXX_LIBRARY = "libc++";
				CLANG_ENABLE_MODULES = YES;
				CLANG_ENABLE_OBJC_ARC = YES;
				CLANG_WARN_BOOL_CONVERSION = YES;
				CLANG_WARN_CONSTANT_CONVERSION = YES;
				CLANG_WARN_DIRECT_OBJC_ISA_USAGE = YES_ERROR;
				CLANG_WARN_EMPTY_BODY = YES;
				CLANG_WARN_ENUM_CONVERSION = YES;
				CLANG_WARN_INT_CONVERSION = YES;
				CLANG_WARN_OBJC_ROOT_CLASS = YES_ERROR;
				CLANG_WARN__DUPLICATE_METHOD_MATCH = YES;
				COPY_PHASE_STRIP = YES;
				DEBUG_INFORMATION_FORMAT = "dwarf-with-dsym";
				ENABLE_NS_ASSERTIONS = NO;
				GCC_C_LANGUAGE_STANDARD = gnu99;
				GCC_ENABLE_OBJC_EXCEPTIONS = YES;
				GCC_WARN_64_TO_32_BIT_CONVERSION = YES;
				GCC_WARN_ABOUT_RETURN_TYPE = YES_ERROR;
				GCC_WARN_UNDECLARED_SELECTOR = YES;
				GCC_WARN_UNINITIALIZED_AUTOS = YES_AGGRESSIVE;
				GCC_WARN_UNUSED_FUNCTION = YES;
				GCC_WARN_UNUSED_VARIABLE = YES;
				MACOSX_DEPLOYMENT_TARGET = 10.9;
				SDKROOT = macosx;
			};
			name = Release;
		};
		A29A827A192A36B1008B42B2 /* Debug */ = {
			isa = XCBuildConfiguration;
			buildSettings = {
				PRODUCT_NAME = "$(TARGET_NAME)";
			};
			name = Debug;
		};
		A29A827B192A36B1008B42B2 /* Release */ = {
			isa = XCBuildConfiguration;
			buildSettings = {
				PRODUCT_NAME = "$(TARGET_NAME)";
			};
			name = Release;
		};
/* End XCBuildConfiguration section */

/* Begin XCConfigurationList section */
		A29A826B192A36B1008B42B2 /* Build configuration list for PBXProject "Counting Elements" */ = {
			isa = XCConfigurationList;
			buildConfigurations = (
				A29A8277192A36B1008B42B2 /* Debug */,
				A29A8278192A36B1008B42B2 /* Release */,
			);
			defaultConfigurationIsVisible = 0;
			defaultConfigurationName = Release;
		};
		A29A8279192A36B1008B42B2 /* Build configuration list for PBXNativeTarget "Counting Elements" */ = {
			isa = XCConfigurationList;
			buildConfigurations = (
				A29A827A192A36B1008B42B2 /* Debug */,
				A29A827B192A36B1008B42B2 /* Release */,
			);
			defaultConfigurationIsVisible = 0;
		};
/* End XCConfigurationList section */
	};
	rootObject = A29A8268192A36B1008B42B2 /* Project object */;
}
